
Microsoft Visual Studio Solution File, Format Version 12.00
# Visual Studio Version 17
VisualStudioVersion = 17.8.34330.188
MinimumVisualStudioVersion = 10.0.40219.1
Project("{FAE04EC0-301F-11D3-BF4B-00C04F79EFBC}") = "Lab 2 App", "Lab 2 App\Lab 2 App.csproj", "{21678962-94D0-4C8C-87E3-ED31AE343FA7}"
EndProject
Project("{FAE04EC0-301F-11D3-BF4B-00C04F79EFBC}") = "ClassLibrary1", "ClassLibrary1\ClassLibrary1.csproj", "{EE590F8E-7CD3-477B-ACE5-2D15291C5EA8}"
EndProject
Global
	GlobalSection(SolutionConfigurationPlatforms) = preSolution
		Debug|Any CPU = Debug|Any CPU
		Release|Any CPU = Release|Any CPU
	EndGlobalSection
	GlobalSection(ProjectConfigurationPlatforms) = postSolution
		{21678962-94D0-4C8C-87E3-ED31AE343FA7}.Debug|Any CPU.ActiveCfg = Debug|Any CPU
		{21678962-94D0-4C8C-87E3-ED31AE343FA7}.Debug|Any CPU.Build.0 = Debug|Any CPU
		{21678962-94D0-4C8C-87E3-ED31AE343FA7}.Release|Any CPU.ActiveCfg = Release|Any CPU
		{21678962-94D0-4C8C-87E3-ED31AE343FA7}.Release|Any CPU.Build.0 = Release|Any CPU
		{EE590F8E-7CD3-477B-ACE5-2D15291C5EA8}.Debug|Any CPU.ActiveCfg = Debug|Any CPU
		{EE590F8E-7CD3-477B-ACE5-2D15291C5EA8}.Debug|Any CPU.Build.0 = Debug|Any CPU
		{EE590F8E-7CD3-477B-ACE5-2D15291C5EA8}.Release|Any CPU.ActiveCfg = Release|Any CPU
		{EE590F8E-7CD3-477B-ACE5-2D15291C5EA8}.Release|Any CPU.Build.0 = Release|Any CPU
	EndGlobalSection
	GlobalSection(SolutionProperties) = preSolution
		HideSolutionNode = FALSE
	EndGlobalSection
	GlobalSection(ExtensibilityGlobals) = postSolution
		SolutionGuid = {47E45181-D0CE-482F-AA27-FD28FAE96379}
	EndGlobalSection
EndGlobal
